
Microsoft Visual Studio Solution File, Format Version 12.00
# Visual Studio 2013
VisualStudioVersion = 12.0.31101.0
MinimumVisualStudioVersion = 10.0.40219.1
Project("{FAE04EC0-301F-11D3-BF4B-00C04F79EFBC}") = "Flyway", "Flyway\Flyway.csproj", "{614EF5C6-47D1-4023-8A01-0A2FFEAB78EF}"
EndProject
Project("{FAE04EC0-301F-11D3-BF4B-00C04F79EFBC}") = "SmartStepGroup", "SmartStepGroup\SmartStepGroup.csproj", "{5FF028DF-9E73-4165-B944-9E3908A8CA00}"
EndProject
Project("{FAE04EC0-301F-11D3-BF4B-00C04F79EFBC}") = "EFCodeFirst", "EFCodeFirst\EFCodeFirst.csproj", "{6B7FC879-5D0F-4B3D-A322-6CAE1E006A20}"
EndProject
Global
	GlobalSection(SolutionConfigurationPlatforms) = preSolution
		Debug|Any CPU = Debug|Any CPU
		Release|Any CPU = Release|Any CPU
	EndGlobalSection
	GlobalSection(ProjectConfigurationPlatforms) = postSolution
		{614EF5C6-47D1-4023-8A01-0A2FFEAB78EF}.Debug|Any CPU.ActiveCfg = Debug|Any CPU
		{614EF5C6-47D1-4023-8A01-0A2FFEAB78EF}.Debug|Any CPU.Build.0 = Debug|Any CPU
		{614EF5C6-47D1-4023-8A01-0A2FFEAB78EF}.Release|Any CPU.ActiveCfg = Release|Any CPU
		{614EF5C6-47D1-4023-8A01-0A2FFEAB78EF}.Release|Any CPU.Build.0 = Release|Any CPU
		{5FF028DF-9E73-4165-B944-9E3908A8CA00}.Debug|Any CPU.ActiveCfg = Debug|Any CPU
		{5FF028DF-9E73-4165-B944-9E3908A8CA00}.Debug|Any CPU.Build.0 = Debug|Any CPU
		{5FF028DF-9E73-4165-B944-9E3908A8CA00}.Release|Any CPU.ActiveCfg = Release|Any CPU
		{5FF028DF-9E73-4165-B944-9E3908A8CA00}.Release|Any CPU.Build.0 = Release|Any CPU
		{6B7FC879-5D0F-4B3D-A322-6CAE1E006A20}.Debug|Any CPU.ActiveCfg = Debug|Any CPU
		{6B7FC879-5D0F-4B3D-A322-6CAE1E006A20}.Debug|Any CPU.Build.0 = Debug|Any CPU
		{6B7FC879-5D0F-4B3D-A322-6CAE1E006A20}.Release|Any CPU.ActiveCfg = Release|Any CPU
		{6B7FC879-5D0F-4B3D-A322-6CAE1E006A20}.Release|Any CPU.Build.0 = Release|Any CPU
	EndGlobalSection
	GlobalSection(SolutionProperties) = preSolution
		HideSolutionNode = FALSE
	EndGlobalSection
EndGlobal
